
Microsoft Visual Studio Solution File, Format Version 12.00
# Visual Studio Version 17
VisualStudioVersion = 17.7.34221.43
MinimumVisualStudioVersion = 10.0.40219.1
Project("{FAE04EC0-301F-11D3-BF4B-00C04F79EFBC}") = "Assignment1", "Assignment1\Assignment1.csproj", "{D9109945-4AA6-43C6-8685-60BE06C9E60C}"
EndProject
Global
	GlobalSection(SolutionConfigurationPlatforms) = preSolution
		Debug|Any CPU = Debug|Any CPU
		Release|Any CPU = Release|Any CPU
	EndGlobalSection
	GlobalSection(ProjectConfigurationPlatforms) = postSolution
		{D9109945-4AA6-43C6-8685-60BE06C9E60C}.Debug|Any CPU.ActiveCfg = Debug|Any CPU
		{D9109945-4AA6-43C6-8685-60BE06C9E60C}.Debug|Any CPU.Build.0 = Debug|Any CPU
		{D9109945-4AA6-43C6-8685-60BE06C9E60C}.Release|Any CPU.ActiveCfg = Release|Any CPU
		{D9109945-4AA6-43C6-8685-60BE06C9E60C}.Release|Any CPU.Build.0 = Release|Any CPU
	EndGlobalSection
	GlobalSection(SolutionProperties) = preSolution
		HideSolutionNode = FALSE
	EndGlobalSection
	GlobalSection(ExtensibilityGlobals) = postSolution
		SolutionGuid = {F8DB8F22-D68B-480F-85A1-A2796EBF4280}
	EndGlobalSection
EndGlobal
